# THIS IS AN AUTOGENERATED FILE. DO NOT EDIT THIS FILE DIRECTLY.
# yarn lockfile v1


"@nestjs/serve-static@^3.0.0":
  version "3.0.0"
  resolved "https://registry.yarnpkg.com/@nestjs/serve-static/-/serve-static-3.0.0.tgz#085e7ebbb3c6d6e35b227ea57c8e988c87847309"
  integrity sha512-TpXjgs4136dQqWUjEcONqppqXDsrJhRkmKWzuBMOUAnP4HjHpNmlycvkHnDnWSoG2YD4a7Enh4ViYGWqCfHStA==
  dependencies:
    path-to-regexp "0.2.5"

path-to-regexp@0.2.5:
  version "0.2.5"
  resolved "https://registry.yarnpkg.com/path-to-regexp/-/path-to-regexp-0.2.5.tgz#0b426991e387fc4c675de23557f358715eb66fb0"
  integrity sha512-l6qtdDPIkmAmzEO6egquYDfqQGPMRNGjYtrU13HAXb3YSRrt7HSb1sJY0pKp6o2bAa86tSB6iwaW2JbthPKr7Q==
